// !$*UTF8*$!
{
	archiveVersion = 1;
	classes = {
	};
	objectVersion = 55;
	objects = {

/* Begin PBXBuildFile section */
		B35481E12CA39B8A00A5B1D9 /* Assets.xcassets in Resources */ = {isa = PBXBuildFile; fileRef = B35481E02CA39B8A00A5B1D9 /* Assets.xcassets */; };
		B35481F12CA39B8A00A5B1D9 /* Maze_ProjectTests.m in Sources */ = {isa = PBXBuildFile; fileRef = B35481F02CA39B8A00A5B1D9 /* Maze_ProjectTests.m */; };
		B35481FB2CA39B8A00A5B1D9 /* Maze_ProjectUITests.m in Sources */ = {isa = PBXBuildFile; fileRef = B35481FA2CA39B8A00A5B1D9 /* Maze_ProjectUITests.m */; };
		B35481FD2CA39B8A00A5B1D9 /* Maze_ProjectUITestsLaunchTests.m in Sources */ = {isa = PBXBuildFile; fileRef = B35481FC2CA39B8A00A5B1D9 /* Maze_ProjectUITestsLaunchTests.m */; };
		B35482182CA39C9E00A5B1D9 /* MVP in Resources */ = {isa = PBXBuildFile; fileRef = B35482112CA39C9D00A5B1D9 /* MVP */; };
		B35482192CA39C9E00A5B1D9 /* images in Resources */ = {isa = PBXBuildFile; fileRef = B35482122CA39C9D00A5B1D9 /* images */; };
		B354821B2CA39C9E00A5B1D9 /* README.md in Resources */ = {isa = PBXBuildFile; fileRef = B35482142CA39C9D00A5B1D9 /* README.md */; };
		B354821C2CA39C9E00A5B1D9 /* Makefile in Sources */ = {isa = PBXBuildFile; fileRef = B35482152CA39C9E00A5B1D9 /* Makefile */; };
		B354821D2CA39C9E00A5B1D9 /* headers in Resources */ = {isa = PBXBuildFile; fileRef = B35482162CA39C9E00A5B1D9 /* headers */; };
		B354821E2CA39C9E00A5B1D9 /* src in Resources */ = {isa = PBXBuildFile; fileRef = B35482172CA39C9E00A5B1D9 /* src */; };
		B35482552CA3A17900A5B1D9 /* player.c in Sources */ = {isa = PBXBuildFile; fileRef = B35482542CA3A17900A5B1D9 /* player.c */; };
		B354825F2CA3A18900A5B1D9 /* wall.c in Sources */ = {isa = PBXBuildFile; fileRef = B35482562CA3A18800A5B1D9 /* wall.c */; };
		B35482602CA3A18900A5B1D9 /* window.c in Sources */ = {isa = PBXBuildFile; fileRef = B35482572CA3A18800A5B1D9 /* window.c */; };
		B35482612CA3A18900A5B1D9 /* ray_aux.c in Sources */ = {isa = PBXBuildFile; fileRef = B35482582CA3A18800A5B1D9 /* ray_aux.c */; };
		B35482642CA3A18900A5B1D9 /* upng.c in Sources */ = {isa = PBXBuildFile; fileRef = B354825B2CA3A18900A5B1D9 /* upng.c */; };
		B35482652CA3A18900A5B1D9 /* ray.c in Sources */ = {isa = PBXBuildFile; fileRef = B354825C2CA3A18900A5B1D9 /* ray.c */; };
		B35482672CA3A18900A5B1D9 /* texture.c in Sources */ = {isa = PBXBuildFile; fileRef = B354825E2CA3A18900A5B1D9 /* texture.c */; };
		B35482692CA3A1E400A5B1D9 /* input.c in Sources */ = {isa = PBXBuildFile; fileRef = B35482682CA3A1E400A5B1D9 /* input.c */; };
		B354826B2CA3A22A00A5B1D9 /* main.c in Sources */ = {isa = PBXBuildFile; fileRef = B354826A2CA3A22A00A5B1D9 /* main.c */; };
		B354826D2CA3A24A00A5B1D9 /* map.c in Sources */ = {isa = PBXBuildFile; fileRef = B354826C2CA3A24A00A5B1D9 /* map.c */; };
		B354826F2CA3A27700A5B1D9 /* draw.c in Sources */ = {isa = PBXBuildFile; fileRef = B354826E2CA3A27700A5B1D9 /* draw.c */; };
		B35482722CA3A5C400A5B1D9 /* SDL2.framework in Frameworks */ = {isa = PBXBuildFile; fileRef = B35482712CA3A5C400A5B1D9 /* SDL2.framework */; };
		B35482732CA3A5C400A5B1D9 /* SDL2.framework in Embed Frameworks */ = {isa = PBXBuildFile; fileRef = B35482712CA3A5C400A5B1D9 /* SDL2.framework */; settings = {ATTRIBUTES = (CodeSignOnCopy, RemoveHeadersOnCopy, ); }; };
		B35482762CA3A5CD00A5B1D9 /* SDL2_image.framework in Frameworks */ = {isa = PBXBuildFile; fileRef = B35482752CA3A5CD00A5B1D9 /* SDL2_image.framework */; };
		B35482772CA3A5CD00A5B1D9 /* SDL2_image.framework in Embed Frameworks */ = {isa = PBXBuildFile; fileRef = B35482752CA3A5CD00A5B1D9 /* SDL2_image.framework */; settings = {ATTRIBUTES = (CodeSignOnCopy, RemoveHeadersOnCopy, ); }; };
/* End PBXBuildFile section */

/* Begin PBXContainerItemProxy section */
		B35481ED2CA39B8A00A5B1D9 /* PBXContainerItemProxy */ = {
			isa = PBXContainerItemProxy;
			containerPortal = B35481D22CA39B8700A5B1D9 /* Project object */;
			proxyType = 1;
			remoteGlobalIDString = B35481D92CA39B8700A5B1D9;
			remoteInfo = Maze_Project;
		};
		B35481F72CA39B8A00A5B1D9 /* PBXContainerItemProxy */ = {
			isa = PBXContainerItemProxy;
			containerPortal = B35481D22CA39B8700A5B1D9 /* Project object */;
			proxyType = 1;
			remoteGlobalIDString = B35481D92CA39B8700A5B1D9;
			remoteInfo = Maze_Project;
		};
/* End PBXContainerItemProxy section */

/* Begin PBXCopyFilesBuildPhase section */
		B35482742CA3A5C400A5B1D9 /* Embed Frameworks */ = {
			isa = PBXCopyFilesBuildPhase;
			buildActionMask = 2147483647;
			dstPath = "";
			dstSubfolderSpec = 10;
			files = (
				B35482732CA3A5C400A5B1D9 /* SDL2.framework in Embed Frameworks */,
				B35482772CA3A5CD00A5B1D9 /* SDL2_image.framework in Embed Frameworks */,
			);
			name = "Embed Frameworks";
			runOnlyForDeploymentPostprocessing = 0;
		};
/* End PBXCopyFilesBuildPhase section */

/* Begin PBXFileReference section */
		B35481DA2CA39B8700A5B1D9 /* Maze_Project.app */ = {isa = PBXFileReference; explicitFileType = wrapper.application; includeInIndex = 0; path = Maze_Project.app; sourceTree = BUILT_PRODUCTS_DIR; };
		B35481E02CA39B8A00A5B1D9 /* Assets.xcassets */ = {isa = PBXFileReference; lastKnownFileType = folder.assetcatalog; path = Assets.xcassets; sourceTree = "<group>"; };
		B35481EC2CA39B8A00A5B1D9 /* Maze_ProjectTests.xctest */ = {isa = PBXFileReference; explicitFileType = wrapper.cfbundle; includeInIndex = 0; path = Maze_ProjectTests.xctest; sourceTree = BUILT_PRODUCTS_DIR; };
		B35481F02CA39B8A00A5B1D9 /* Maze_ProjectTests.m */ = {isa = PBXFileReference; lastKnownFileType = sourcecode.c.objc; path = Maze_ProjectTests.m; sourceTree = "<group>"; };
		B35481F62CA39B8A00A5B1D9 /* Maze_ProjectUITests.xctest */ = {isa = PBXFileReference; explicitFileType = wrapper.cfbundle; includeInIndex = 0; path = Maze_ProjectUITests.xctest; sourceTree = BUILT_PRODUCTS_DIR; };
		B35481FA2CA39B8A00A5B1D9 /* Maze_ProjectUITests.m */ = {isa = PBXFileReference; lastKnownFileType = sourcecode.c.objc; path = Maze_ProjectUITests.m; sourceTree = "<group>"; };
		B35481FC2CA39B8A00A5B1D9 /* Maze_ProjectUITestsLaunchTests.m */ = {isa = PBXFileReference; lastKnownFileType = sourcecode.c.objc; path = Maze_ProjectUITestsLaunchTests.m; sourceTree = "<group>"; };
		B354820A2CA39BFF00A5B1D9 /* SDL2.framework */ = {isa = PBXFileReference; lastKnownFileType = wrapper.framework; name = SDL2.framework; path = ../maze/SDL2.framework; sourceTree = "<group>"; };
		B354820E2CA39C2C00A5B1D9 /* SDL2_image.framework */ = {isa = PBXFileReference; lastKnownFileType = wrapper.framework; name = SDL2_image.framework; path = ../maze/SDL2_image.framework; sourceTree = "<group>"; };
		B35482112CA39C9D00A5B1D9 /* MVP */ = {isa = PBXFileReference; fileEncoding = 4; lastKnownFileType = text; name = MVP; path = "../../../../The-Maze-Project/MVP"; sourceTree = "<group>"; };
		B35482122CA39C9D00A5B1D9 /* images */ = {isa = PBXFileReference; lastKnownFileType = folder; name = images; path = "../../../../The-Maze-Project/images"; sourceTree = "<group>"; };
		B35482142CA39C9D00A5B1D9 /* README.md */ = {isa = PBXFileReference; fileEncoding = 4; lastKnownFileType = net.daringfireball.markdown; name = README.md; path = "../../../../The-Maze-Project/README.md"; sourceTree = "<group>"; };
		B35482152CA39C9E00A5B1D9 /* Makefile */ = {isa = PBXFileReference; fileEncoding = 4; lastKnownFileType = sourcecode.make; name = Makefile; path = "../../../../The-Maze-Project/Makefile"; sourceTree = "<group>"; };
		B35482162CA39C9E00A5B1D9 /* headers */ = {isa = PBXFileReference; lastKnownFileType = folder; name = headers; path = "../../../../The-Maze-Project/headers"; sourceTree = "<group>"; };
		B35482172CA39C9E00A5B1D9 /* src */ = {isa = PBXFileReference; lastKnownFileType = folder; name = src; path = "../../../../The-Maze-Project/src"; sourceTree = "<group>"; };
		B35482542CA3A17900A5B1D9 /* player.c */ = {isa = PBXFileReference; fileEncoding = 4; lastKnownFileType = sourcecode.c.c; name = player.c; path = "../../../../The-Maze-Project/images/player.c"; sourceTree = "<group>"; };
		B35482562CA3A18800A5B1D9 /* wall.c */ = {isa = PBXFileReference; fileEncoding = 4; lastKnownFileType = sourcecode.c.c; name = wall.c; path = "../../../../The-Maze-Project/images/wall.c"; sourceTree = "<group>"; };
		B35482572CA3A18800A5B1D9 /* window.c */ = {isa = PBXFileReference; fileEncoding = 4; lastKnownFileType = sourcecode.c.c; name = window.c; path = "../../../../The-Maze-Project/images/window.c"; sourceTree = "<group>"; };
		B35482582CA3A18800A5B1D9 /* ray_aux.c */ = {isa = PBXFileReference; fileEncoding = 4; lastKnownFileType = sourcecode.c.c; name = ray_aux.c; path = "../../../../The-Maze-Project/images/ray_aux.c"; sourceTree = "<group>"; };
		B354825B2CA3A18900A5B1D9 /* upng.c */ = {isa = PBXFileReference; fileEncoding = 4; lastKnownFileType = sourcecode.c.c; name = upng.c; path = "../../../../The-Maze-Project/images/upng.c"; sourceTree = "<group>"; };
		B354825C2CA3A18900A5B1D9 /* ray.c */ = {isa = PBXFileReference; fileEncoding = 4; lastKnownFileType = sourcecode.c.c; name = ray.c; path = "../../../../The-Maze-Project/images/ray.c"; sourceTree = "<group>"; };
		B354825E2CA3A18900A5B1D9 /* texture.c */ = {isa = PBXFileReference; fileEncoding = 4; lastKnownFileType = sourcecode.c.c; name = texture.c; path = "../../../../The-Maze-Project/images/texture.c"; sourceTree = "<group>"; };
		B35482682CA3A1E400A5B1D9 /* input.c */ = {isa = PBXFileReference; lastKnownFileType = sourcecode.c.c; path = input.c; sourceTree = "<group>"; };
		B354826A2CA3A22A00A5B1D9 /* main.c */ = {isa = PBXFileReference; lastKnownFileType = sourcecode.c.c; path = main.c; sourceTree = "<group>"; };
		B354826C2CA3A24A00A5B1D9 /* map.c */ = {isa = PBXFileReference; lastKnownFileType = sourcecode.c.c; path = map.c; sourceTree = "<group>"; };
		B354826E2CA3A27700A5B1D9 /* draw.c */ = {isa = PBXFileReference; lastKnownFileType = sourcecode.c.c; path = draw.c; sourceTree = "<group>"; };
		B35482702CA3A47800A5B1D9 /* header.h */ = {isa = PBXFileReference; lastKnownFileType = sourcecode.c.h; name = header.h; path = "../../../../The-Maze-Project/headers/header.h"; sourceTree = "<group>"; };
		B35482712CA3A5C400A5B1D9 /* SDL2.framework */ = {isa = PBXFileReference; lastKnownFileType = wrapper.framework; path = SDL2.framework; sourceTree = "<group>"; };
		B35482752CA3A5CD00A5B1D9 /* SDL2_image.framework */ = {isa = PBXFileReference; lastKnownFileType = wrapper.framework; path = SDL2_image.framework; sourceTree = "<group>"; };
/* End PBXFileReference section */

/* Begin PBXFrameworksBuildPhase section */
		B35481D72CA39B8700A5B1D9 /* Frameworks */ = {
			isa = PBXFrameworksBuildPhase;
			buildActionMask = 2147483647;
			files = (
				B35482722CA3A5C400A5B1D9 /* SDL2.framework in Frameworks */,
				B35482762CA3A5CD00A5B1D9 /* SDL2_image.framework in Frameworks */,
			);
			runOnlyForDeploymentPostprocessing = 0;
		};
		B35481E92CA39B8A00A5B1D9 /* Frameworks */ = {
			isa = PBXFrameworksBuildPhase;
			buildActionMask = 2147483647;
			files = (
			);
			runOnlyForDeploymentPostprocessing = 0;
		};
		B35481F32CA39B8A00A5B1D9 /* Frameworks */ = {
			isa = PBXFrameworksBuildPhase;
			buildActionMask = 2147483647;
			files = (
			);
			runOnlyForDeploymentPostprocessing = 0;
		};
/* End PBXFrameworksBuildPhase section */

/* Begin PBXGroup section */
		B35481D12CA39B8700A5B1D9 = {
			isa = PBXGroup;
			children = (
				B35481DC2CA39B8700A5B1D9 /* Maze_Project */,
				B35481EF2CA39B8A00A5B1D9 /* Maze_ProjectTests */,
				B35481F92CA39B8A00A5B1D9 /* Maze_ProjectUITests */,
				B35481DB2CA39B8700A5B1D9 /* Products */,
				B35482092CA39BFF00A5B1D9 /* Frameworks */,
			);
			sourceTree = "<group>";
		};
		B35481DB2CA39B8700A5B1D9 /* Products */ = {
			isa = PBXGroup;
			children = (
				B35481DA2CA39B8700A5B1D9 /* Maze_Project.app */,
				B35481EC2CA39B8A00A5B1D9 /* Maze_ProjectTests.xctest */,
				B35481F62CA39B8A00A5B1D9 /* Maze_ProjectUITests.xctest */,
			);
			name = Products;
			sourceTree = "<group>";
		};
		B35481DC2CA39B8700A5B1D9 /* Maze_Project */ = {
			isa = PBXGroup;
			children = (
				B35482542CA3A17900A5B1D9 /* player.c */,
				B35482582CA3A18800A5B1D9 /* ray_aux.c */,
				B35482682CA3A1E400A5B1D9 /* input.c */,
				B354825C2CA3A18900A5B1D9 /* ray.c */,
				B354825E2CA3A18900A5B1D9 /* texture.c */,
				B354825B2CA3A18900A5B1D9 /* upng.c */,
				B354826A2CA3A22A00A5B1D9 /* main.c */,
				B35482702CA3A47800A5B1D9 /* header.h */,
				B354826E2CA3A27700A5B1D9 /* draw.c */,
				B35482562CA3A18800A5B1D9 /* wall.c */,
				B35482572CA3A18800A5B1D9 /* window.c */,
				B354826C2CA3A24A00A5B1D9 /* map.c */,
				B35482162CA39C9E00A5B1D9 /* headers */,
				B35482122CA39C9D00A5B1D9 /* images */,
				B35482112CA39C9D00A5B1D9 /* MVP */,
				B35482152CA39C9E00A5B1D9 /* Makefile */,
				B35482142CA39C9D00A5B1D9 /* README.md */,
				B35482172CA39C9E00A5B1D9 /* src */,
				B35481E02CA39B8A00A5B1D9 /* Assets.xcassets */,
			);
			path = Maze_Project;
			sourceTree = "<group>";
		};
		B35481EF2CA39B8A00A5B1D9 /* Maze_ProjectTests */ = {
			isa = PBXGroup;
			children = (
				B35481F02CA39B8A00A5B1D9 /* Maze_ProjectTests.m */,
			);
			path = Maze_ProjectTests;
			sourceTree = "<group>";
		};
		B35481F92CA39B8A00A5B1D9 /* Maze_ProjectUITests */ = {
			isa = PBXGroup;
			children = (
				B35481FA2CA39B8A00A5B1D9 /* Maze_ProjectUITests.m */,
				B35481FC2CA39B8A00A5B1D9 /* Maze_ProjectUITestsLaunchTests.m */,
			);
			path = Maze_ProjectUITests;
			sourceTree = "<group>";
		};
		B35482092CA39BFF00A5B1D9 /* Frameworks */ = {
			isa = PBXGroup;
			children = (
				B35482752CA3A5CD00A5B1D9 /* SDL2_image.framework */,
				B354820A2CA39BFF00A5B1D9 /* SDL2.framework */,
				B35482712CA3A5C400A5B1D9 /* SDL2.framework */,
				B354820E2CA39C2C00A5B1D9 /* SDL2_image.framework */,
			);
			name = Frameworks;
			sourceTree = "<group>";
		};
/* End PBXGroup section */

/* Begin PBXNativeTarget section */
		B35481D92CA39B8700A5B1D9 /* Maze_Project */ = {
			isa = PBXNativeTarget;
			buildConfigurationList = B35482002CA39B8A00A5B1D9 /* Build configuration list for PBXNativeTarget "Maze_Project" */;
			buildPhases = (
				B35481D62CA39B8700A5B1D9 /* Sources */,
				B35481D72CA39B8700A5B1D9 /* Frameworks */,
				B35481D82CA39B8700A5B1D9 /* Resources */,
				B35482742CA3A5C400A5B1D9 /* Embed Frameworks */,
			);
			buildRules = (
			);
			dependencies = (
			);
			name = Maze_Project;
			productName = Maze_Project;
			productReference = B35481DA2CA39B8700A5B1D9 /* Maze_Project.app */;
			productType = "com.apple.product-type.application";
		};
		B35481EB2CA39B8A00A5B1D9 /* Maze_ProjectTests */ = {
			isa = PBXNativeTarget;
			buildConfigurationList = B35482032CA39B8A00A5B1D9 /* Build configuration list for PBXNativeTarget "Maze_ProjectTests" */;
			buildPhases = (
				B35481E82CA39B8A00A5B1D9 /* Sources */,
				B35481E92CA39B8A00A5B1D9 /* Frameworks */,
				B35481EA2CA39B8A00A5B1D9 /* Resources */,
			);
			buildRules = (
			);
			dependencies = (
				B35481EE2CA39B8A00A5B1D9 /* PBXTargetDependency */,
			);
			name = Maze_ProjectTests;
			productName = Maze_ProjectTests;
			productReference = B35481EC2CA39B8A00A5B1D9 /* Maze_ProjectTests.xctest */;
			productType = "com.apple.product-type.bundle.unit-test";
		};
		B35481F52CA39B8A00A5B1D9 /* Maze_ProjectUITests */ = {
			isa = PBXNativeTarget;
			buildConfigurationList = B35482062CA39B8A00A5B1D9 /* Build configuration list for PBXNativeTarget "Maze_ProjectUITests" */;
			buildPhases = (
				B35481F22CA39B8A00A5B1D9 /* Sources */,
				B35481F32CA39B8A00A5B1D9 /* Frameworks */,
				B35481F42CA39B8A00A5B1D9 /* Resources */,
			);
			buildRules = (
			);
			dependencies = (
				B35481F82CA39B8A00A5B1D9 /* PBXTargetDependency */,
			);
			name = Maze_ProjectUITests;
			productName = Maze_ProjectUITests;
			productReference = B35481F62CA39B8A00A5B1D9 /* Maze_ProjectUITests.xctest */;
			productType = "com.apple.product-type.bundle.ui-testing";
		};
/* End PBXNativeTarget section */

/* Begin PBXProject section */
		B35481D22CA39B8700A5B1D9 /* Project object */ = {
			isa = PBXProject;
			attributes = {
				BuildIndependentTargetsInParallel = 1;
				LastUpgradeCheck = 1320;
				TargetAttributes = {
					B35481D92CA39B8700A5B1D9 = {
						CreatedOnToolsVersion = 13.2.1;
					};
					B35481EB2CA39B8A00A5B1D9 = {
						CreatedOnToolsVersion = 13.2.1;
						TestTargetID = B35481D92CA39B8700A5B1D9;
					};
					B35481F52CA39B8A00A5B1D9 = {
						CreatedOnToolsVersion = 13.2.1;
						TestTargetID = B35481D92CA39B8700A5B1D9;
					};
				};
			};
			buildConfigurationList = B35481D52CA39B8700A5B1D9 /* Build configuration list for PBXProject "Maze_Project" */;
			compatibilityVersion = "Xcode 13.0";
			developmentRegion = en;
			hasScannedForEncodings = 0;
			knownRegions = (
				en,
				Base,
			);
			mainGroup = B35481D12CA39B8700A5B1D9;
			productRefGroup = B35481DB2CA39B8700A5B1D9 /* Products */;
			projectDirPath = "";
			projectRoot = "";
			targets = (
				B35481D92CA39B8700A5B1D9 /* Maze_Project */,
				B35481EB2CA39B8A00A5B1D9 /* Maze_ProjectTests */,
				B35481F52CA39B8A00A5B1D9 /* Maze_ProjectUITests */,
			);
		};
/* End PBXProject section */

/* Begin PBXResourcesBuildPhase section */
		B35481D82CA39B8700A5B1D9 /* Resources */ = {
			isa = PBXResourcesBuildPhase;
			buildActionMask = 2147483647;
			files = (
				B35482192CA39C9E00A5B1D9 /* images in Resources */,
				B35482182CA39C9E00A5B1D9 /* MVP in Resources */,
				B354821B2CA39C9E00A5B1D9 /* README.md in Resources */,
				B354821E2CA39C9E00A5B1D9 /* src in Resources */,
				B354821D2CA39C9E00A5B1D9 /* headers in Resources */,
				B35481E12CA39B8A00A5B1D9 /* Assets.xcassets in Resources */,
			);
			runOnlyForDeploymentPostprocessing = 0;
		};
		B35481EA2CA39B8A00A5B1D9 /* Resources */ = {
			isa = PBXResourcesBuildPhase;
			buildActionMask = 2147483647;
			files = (
			);
			runOnlyForDeploymentPostprocessing = 0;
		};
		B35481F42CA39B8A00A5B1D9 /* Resources */ = {
			isa = PBXResourcesBuildPhase;
			buildActionMask = 2147483647;
			files = (
			);
			runOnlyForDeploymentPostprocessing = 0;
		};
/* End PBXResourcesBuildPhase section */

/* Begin PBXSourcesBuildPhase section */
		B35481D62CA39B8700A5B1D9 /* Sources */ = {
			isa = PBXSourcesBuildPhase;
			buildActionMask = 2147483647;
			files = (
				B35482692CA3A1E400A5B1D9 /* input.c in Sources */,
				B354826F2CA3A27700A5B1D9 /* draw.c in Sources */,
				B354826D2CA3A24A00A5B1D9 /* map.c in Sources */,
				B35482652CA3A18900A5B1D9 /* ray.c in Sources */,
				B35482612CA3A18900A5B1D9 /* ray_aux.c in Sources */,
				B35482602CA3A18900A5B1D9 /* window.c in Sources */,
				B354825F2CA3A18900A5B1D9 /* wall.c in Sources */,
				B35482642CA3A18900A5B1D9 /* upng.c in Sources */,
				B354821C2CA39C9E00A5B1D9 /* Makefile in Sources */,
				B354826B2CA3A22A00A5B1D9 /* main.c in Sources */,
				B35482552CA3A17900A5B1D9 /* player.c in Sources */,
				B35482672CA3A18900A5B1D9 /* texture.c in Sources */,
			);
			runOnlyForDeploymentPostprocessing = 0;
		};
		B35481E82CA39B8A00A5B1D9 /* Sources */ = {
			isa = PBXSourcesBuildPhase;
			buildActionMask = 2147483647;
			files = (
				B35481F12CA39B8A00A5B1D9 /* Maze_ProjectTests.m in Sources */,
			);
			runOnlyForDeploymentPostprocessing = 0;
		};
		B35481F22CA39B8A00A5B1D9 /* Sources */ = {
			isa = PBXSourcesBuildPhase;
			buildActionMask = 2147483647;
			files = (
				B35481FD2CA39B8A00A5B1D9 /* Maze_ProjectUITestsLaunchTests.m in Sources */,
				B35481FB2CA39B8A00A5B1D9 /* Maze_ProjectUITests.m in Sources */,
			);
			runOnlyForDeploymentPostprocessing = 0;
		};
/* End PBXSourcesBuildPhase section */

/* Begin PBXTargetDependency section */
		B35481EE2CA39B8A00A5B1D9 /* PBXTargetDependency */ = {
			isa = PBXTargetDependency;
			target = B35481D92CA39B8700A5B1D9 /* Maze_Project */;
			targetProxy = B35481ED2CA39B8A00A5B1D9 /* PBXContainerItemProxy */;
		};
		B35481F82CA39B8A00A5B1D9 /* PBXTargetDependency */ = {
			isa = PBXTargetDependency;
			target = B35481D92CA39B8700A5B1D9 /* Maze_Project */;
			targetProxy = B35481F72CA39B8A00A5B1D9 /* PBXContainerItemProxy */;
		};
/* End PBXTargetDependency section */

/* Begin XCBuildConfiguration section */
		B35481FE2CA39B8A00A5B1D9 /* Debug */ = {
			isa = XCBuildConfiguration;
			buildSettings = {
				ALWAYS_SEARCH_USER_PATHS = NO;
				CLANG_ANALYZER_NONNULL = YES;
				CLANG_ANALYZER_NUMBER_OBJECT_CONVERSION = YES_AGGRESSIVE;
				CLANG_CXX_LANGUAGE_STANDARD = "gnu++17";
				CLANG_CXX_LIBRARY = "libc++";
				CLANG_ENABLE_MODULES = YES;
				CLANG_ENABLE_OBJC_ARC = YES;
				CLANG_ENABLE_OBJC_WEAK = YES;
				CLANG_WARN_BLOCK_CAPTURE_AUTORELEASING = YES;
				CLANG_WARN_BOOL_CONVERSION = YES;
				CLANG_WARN_COMMA = YES;
				CLANG_WARN_CONSTANT_CONVERSION = YES;
				CLANG_WARN_DEPRECATED_OBJC_IMPLEMENTATIONS = YES;
				CLANG_WARN_DIRECT_OBJC_ISA_USAGE = YES_ERROR;
				CLANG_WARN_DOCUMENTATION_COMMENTS = YES;
				CLANG_WARN_EMPTY_BODY = YES;
				CLANG_WARN_ENUM_CONVERSION = YES;
				CLANG_WARN_INFINITE_RECURSION = YES;
				CLANG_WARN_INT_CONVERSION = YES;
				CLANG_WARN_NON_LITERAL_NULL_CONVERSION = YES;
				CLANG_WARN_OBJC_IMPLICIT_RETAIN_SELF = YES;
				CLANG_WARN_OBJC_LITERAL_CONVERSION = YES;
				CLANG_WARN_OBJC_ROOT_CLASS = YES_ERROR;
				CLANG_WARN_QUOTED_INCLUDE_IN_FRAMEWORK_HEADER = YES;
				CLANG_WARN_RANGE_LOOP_ANALYSIS = YES;
				CLANG_WARN_STRICT_PROTOTYPES = YES;
				CLANG_WARN_SUSPICIOUS_MOVE = YES;
				CLANG_WARN_UNGUARDED_AVAILABILITY = YES_AGGRESSIVE;
				CLANG_WARN_UNREACHABLE_CODE = YES;
				CLANG_WARN__DUPLICATE_METHOD_MATCH = YES;
				COPY_PHASE_STRIP = NO;
				DEBUG_INFORMATION_FORMAT = dwarf;
				ENABLE_STRICT_OBJC_MSGSEND = YES;
				ENABLE_TESTABILITY = YES;
				GCC_C_LANGUAGE_STANDARD = gnu11;
				GCC_DYNAMIC_NO_PIC = NO;
				GCC_NO_COMMON_BLOCKS = YES;
				GCC_OPTIMIZATION_LEVEL = 0;
				GCC_PREPROCESSOR_DEFINITIONS = (
					"DEBUG=1",
					"$(inherited)",
				);
				GCC_WARN_64_TO_32_BIT_CONVERSION = YES;
				GCC_WARN_ABOUT_RETURN_TYPE = YES_ERROR;
				GCC_WARN_UNDECLARED_SELECTOR = YES;
				GCC_WARN_UNINITIALIZED_AUTOS = YES_AGGRESSIVE;
				GCC_WARN_UNUSED_FUNCTION = YES;
				GCC_WARN_UNUSED_VARIABLE = YES;
				MACOSX_DEPLOYMENT_TARGET = 12.1;
				MTL_ENABLE_DEBUG_INFO = INCLUDE_SOURCE;
				MTL_FAST_MATH = YES;
				ONLY_ACTIVE_ARCH = YES;
				SDKROOT = macosx;
			};
			name = Debug;
		};
		B35481FF2CA39B8A00A5B1D9 /* Release */ = {
			isa = XCBuildConfiguration;
			buildSettings = {
				ALWAYS_SEARCH_USER_PATHS = NO;
				CLANG_ANALYZER_NONNULL = YES;
				CLANG_ANALYZER_NUMBER_OBJECT_CONVERSION = YES_AGGRESSIVE;
				CLANG_CXX_LANGUAGE_STANDARD = "gnu++17";
				CLANG_CXX_LIBRARY = "libc++";
				CLANG_ENABLE_MODULES = YES;
				CLANG_ENABLE_OBJC_ARC = YES;
				CLANG_ENABLE_OBJC_WEAK = YES;
				CLANG_WARN_BLOCK_CAPTURE_AUTORELEASING = YES;
				CLANG_WARN_BOOL_CONVERSION = YES;
				CLANG_WARN_COMMA = YES;
				CLANG_WARN_CONSTANT_CONVERSION = YES;
				CLANG_WARN_DEPRECATED_OBJC_IMPLEMENTATIONS = YES;
				CLANG_WARN_DIRECT_OBJC_ISA_USAGE = YES_ERROR;
				CLANG_WARN_DOCUMENTATION_COMMENTS = YES;
				CLANG_WARN_EMPTY_BODY = YES;
				CLANG_WARN_ENUM_CONVERSION = YES;
				CLANG_WARN_INFINITE_RECURSION = YES;
				CLANG_WARN_INT_CONVERSION = YES;
				CLANG_WARN_NON_LITERAL_NULL_CONVERSION = YES;
				CLANG_WARN_OBJC_IMPLICIT_RETAIN_SELF = YES;
				CLANG_WARN_OBJC_LITERAL_CONVERSION = YES;
				CLANG_WARN_OBJC_ROOT_CLASS = YES_ERROR;
				CLANG_WARN_QUOTED_INCLUDE_IN_FRAMEWORK_HEADER = YES;
				CLANG_WARN_RANGE_LOOP_ANALYSIS = YES;
				CLANG_WARN_STRICT_PROTOTYPES = YES;
				CLANG_WARN_SUSPICIOUS_MOVE = YES;
				CLANG_WARN_UNGUARDED_AVAILABILITY = YES_AGGRESSIVE;
				CLANG_WARN_UNREACHABLE_CODE = YES;
				CLANG_WARN__DUPLICATE_METHOD_MATCH = YES;
				COPY_PHASE_STRIP = NO;
				DEBUG_INFORMATION_FORMAT = "dwarf-with-dsym";
				ENABLE_NS_ASSERTIONS = NO;
				ENABLE_STRICT_OBJC_MSGSEND = YES;
				GCC_C_LANGUAGE_STANDARD = gnu11;
				GCC_NO_COMMON_BLOCKS = YES;
				GCC_WARN_64_TO_32_BIT_CONVERSION = YES;
				GCC_WARN_ABOUT_RETURN_TYPE = YES_ERROR;
				GCC_WARN_UNDECLARED_SELECTOR = YES;
				GCC_WARN_UNINITIALIZED_AUTOS = YES_AGGRESSIVE;
				GCC_WARN_UNUSED_FUNCTION = YES;
				GCC_WARN_UNUSED_VARIABLE = YES;
				MACOSX_DEPLOYMENT_TARGET = 12.1;
				MTL_ENABLE_DEBUG_INFO = NO;
				MTL_FAST_MATH = YES;
				SDKROOT = macosx;
			};
			name = Release;
		};
		B35482012CA39B8A00A5B1D9 /* Debug */ = {
			isa = XCBuildConfiguration;
			buildSettings = {
				ASSETCATALOG_COMPILER_APPICON_NAME = AppIcon;
				ASSETCATALOG_COMPILER_GLOBAL_ACCENT_COLOR_NAME = AccentColor;
				CODE_SIGN_ENTITLEMENTS = Maze_Project/Maze_Project.entitlements;
				CODE_SIGN_STYLE = Automatic;
				COMBINE_HIDPI_IMAGES = YES;
				CURRENT_PROJECT_VERSION = 1;
				FRAMEWORK_SEARCH_PATHS = (
					"$(inherited)",
					"$(PROJECT_DIR)",
				);
				GENERATE_INFOPLIST_FILE = YES;
				INFOPLIST_KEY_NSHumanReadableCopyright = "";
				INFOPLIST_KEY_NSMainNibFile = MainMenu;
				INFOPLIST_KEY_NSPrincipalClass = NSApplication;
				LD_RUNPATH_SEARCH_PATHS = (
					"$(inherited)",
					"@executable_path/../Frameworks",
				);
				MARKETING_VERSION = 1.0;
				PRODUCT_BUNDLE_IDENTIFIER = "maze-project.Maze-Project";
				PRODUCT_NAME = "$(TARGET_NAME)";
				SWIFT_EMIT_LOC_STRINGS = YES;
			};
			name = Debug;
		};
		B35482022CA39B8A00A5B1D9 /* Release */ = {
			isa = XCBuildConfiguration;
			buildSettings = {
				ASSETCATALOG_COMPILER_APPICON_NAME = AppIcon;
				ASSETCATALOG_COMPILER_GLOBAL_ACCENT_COLOR_NAME = AccentColor;
				CODE_SIGN_ENTITLEMENTS = Maze_Project/Maze_Project.entitlements;
				CODE_SIGN_STYLE = Automatic;
				COMBINE_HIDPI_IMAGES = YES;
				CURRENT_PROJECT_VERSION = 1;
				FRAMEWORK_SEARCH_PATHS = (
					"$(inherited)",
					"$(PROJECT_DIR)",
				);
				GENERATE_INFOPLIST_FILE = YES;
				INFOPLIST_KEY_NSHumanReadableCopyright = "";
				INFOPLIST_KEY_NSMainNibFile = MainMenu;
				INFOPLIST_KEY_NSPrincipalClass = NSApplication;
				LD_RUNPATH_SEARCH_PATHS = (
					"$(inherited)",
					"@executable_path/../Frameworks",
				);
				MARKETING_VERSION = 1.0;
				PRODUCT_BUNDLE_IDENTIFIER = "maze-project.Maze-Project";
				PRODUCT_NAME = "$(TARGET_NAME)";
				SWIFT_EMIT_LOC_STRINGS = YES;
			};
			name = Release;
		};
		B35482042CA39B8A00A5B1D9 /* Debug */ = {
			isa = XCBuildConfiguration;
			buildSettings = {
				BUNDLE_LOADER = "$(TEST_HOST)";
				CODE_SIGN_STYLE = Automatic;
				CURRENT_PROJECT_VERSION = 1;
				GENERATE_INFOPLIST_FILE = YES;
				MACOSX_DEPLOYMENT_TARGET = 12.1;
				MARKETING_VERSION = 1.0;
				PRODUCT_BUNDLE_IDENTIFIER = "maze-project.Maze-ProjectTests";
				PRODUCT_NAME = "$(TARGET_NAME)";
				SWIFT_EMIT_LOC_STRINGS = NO;
				TEST_HOST = "$(BUILT_PRODUCTS_DIR)/Maze_Project.app/Contents/MacOS/Maze_Project";
			};
			name = Debug;
		};
		B35482052CA39B8A00A5B1D9 /* Release */ = {
			isa = XCBuildConfiguration;
			buildSettings = {
				BUNDLE_LOADER = "$(TEST_HOST)";
				CODE_SIGN_STYLE = Automatic;
				CURRENT_PROJECT_VERSION = 1;
				GENERATE_INFOPLIST_FILE = YES;
				MACOSX_DEPLOYMENT_TARGET = 12.1;
				MARKETING_VERSION = 1.0;
				PRODUCT_BUNDLE_IDENTIFIER = "maze-project.Maze-ProjectTests";
				PRODUCT_NAME = "$(TARGET_NAME)";
				SWIFT_EMIT_LOC_STRINGS = NO;
				TEST_HOST = "$(BUILT_PRODUCTS_DIR)/Maze_Project.app/Contents/MacOS/Maze_Project";
			};
			name = Release;
		};
		B35482072CA39B8A00A5B1D9 /* Debug */ = {
			isa = XCBuildConfiguration;
			buildSettings = {
				CODE_SIGN_STYLE = Automatic;
				CURRENT_PROJECT_VERSION = 1;
				GENERATE_INFOPLIST_FILE = YES;
				MARKETING_VERSION = 1.0;
				PRODUCT_BUNDLE_IDENTIFIER = "maze-project.Maze-ProjectUITests";
				PRODUCT_NAME = "$(TARGET_NAME)";
				SWIFT_EMIT_LOC_STRINGS = NO;
				TEST_TARGET_NAME = Maze_Project;
			};
			name = Debug;
		};
		B35482082CA39B8A00A5B1D9 /* Release */ = {
			isa = XCBuildConfiguration;
			buildSettings = {
				CODE_SIGN_STYLE = Automatic;
				CURRENT_PROJECT_VERSION = 1;
				GENERATE_INFOPLIST_FILE = YES;
				MARKETING_VERSION = 1.0;
				PRODUCT_BUNDLE_IDENTIFIER = "maze-project.Maze-ProjectUITests";
				PRODUCT_NAME = "$(TARGET_NAME)";
				SWIFT_EMIT_LOC_STRINGS = NO;
				TEST_TARGET_NAME = Maze_Project;
			};
			name = Release;
		};
/* End XCBuildConfiguration section */

/* Begin XCConfigurationList section */
		B35481D52CA39B8700A5B1D9 /* Build configuration list for PBXProject "Maze_Project" */ = {
			isa = XCConfigurationList;
			buildConfigurations = (
				B35481FE2CA39B8A00A5B1D9 /* Debug */,
				B35481FF2CA39B8A00A5B1D9 /* Release */,
			);
			defaultConfigurationIsVisible = 0;
			defaultConfigurationName = Release;
		};
		B35482002CA39B8A00A5B1D9 /* Build configuration list for PBXNativeTarget "Maze_Project" */ = {
			isa = XCConfigurationList;
			buildConfigurations = (
				B35482012CA39B8A00A5B1D9 /* Debug */,
				B35482022CA39B8A00A5B1D9 /* Release */,
			);
			defaultConfigurationIsVisible = 0;
			defaultConfigurationName = Release;
		};
		B35482032CA39B8A00A5B1D9 /* Build configuration list for PBXNativeTarget "Maze_ProjectTests" */ = {
			isa = XCConfigurationList;
			buildConfigurations = (
				B35482042CA39B8A00A5B1D9 /* Debug */,
				B35482052CA39B8A00A5B1D9 /* Release */,
			);
			defaultConfigurationIsVisible = 0;
			defaultConfigurationName = Release;
		};
		B35482062CA39B8A00A5B1D9 /* Build configuration list for PBXNativeTarget "Maze_ProjectUITests" */ = {
			isa = XCConfigurationList;
			buildConfigurations = (
				B35482072CA39B8A00A5B1D9 /* Debug */,
				B35482082CA39B8A00A5B1D9 /* Release */,
			);
			defaultConfigurationIsVisible = 0;
			defaultConfigurationName = Release;
		};
/* End XCConfigurationList section */
	};
	rootObject = B35481D22CA39B8700A5B1D9 /* Project object */;
}
